PODS:
  - Coordinator (6.1.1)
  - Kingfisher (4.9.0)
  - Marshal (1.3)
  - SwiftyTimer (2.1)
  - TinyConstraints (3.2.1)

DEPENDENCIES:
  - Coordinator (from `../`)
  - Kingfisher (from `https://github.com/radianttap/Kingfisher.git`, branch `swift4.2`)
  - Marshal (from `https://github.com/radianttap/Marshal.git`)
  - SwiftyTimer (from `https://github.com/radianttap/SwiftyTimer.git`)
  - TinyConstraints (from `https://github.com/radianttap/TinyConstraints`)

EXTERNAL SOURCES:
  Coordinator:
    :path: "../"
  Kingfisher:
    :branch: swift4.2
    :git: https://github.com/radianttap/Kingfisher.git
  Marshal:
    :git: https://github.com/radianttap/Marshal.git
  SwiftyTimer:
    :git: https://github.com/radianttap/SwiftyTimer.git
  TinyConstraints:
    :git: https://github.com/radianttap/TinyConstraints

CHECKOUT OPTIONS:
  Kingfisher:
    :commit: aa0ade759f59d20e216f11d5063c5263e7e3b002
    :git: https://github.com/radianttap/Kingfisher.git
  Marshal:
    :commit: 15bf7d0d8e2336980cedb2c7bfe4c0903ffe50e2
    :git: https://github.com/radianttap/Marshal.git
  SwiftyTimer:
    :commit: 0b5d28e4821557ccef11c81d2e7bd4d09ea6f064
    :git: https://github.com/radianttap/SwiftyTimer.git
  TinyConstraints:
    :commit: c3d35efbd8e50020f86b4be349e6e98e69b33655
    :git: https://github.com/radianttap/TinyConstraints

SPEC CHECKSUMS:
  Coordinator: c3c6efad0abd03b07501bd4ce82fcf19014d177d
  Kingfisher: 59e9da83f94fe29fdfc92b11b8f44415d885c2e6
  Marshal: c46e10c2ebe4fb68d57d34abffdd5b7fa4e89bb6
  SwiftyTimer: d3d81b31537d2c4ec8994b7c87550a3877c47d87
  TinyConstraints: 5ca700872f726c49d10829d7b00f31e4ec731f36

PODFILE CHECKSUM: e3406802969d27d08734a0ea24808ae35055e780

COCOAPODS: 1.6.0.beta.2
