PODS:
  - Coordinator (5.1.3)
  - Kingfisher (4.1.1)
  - Marshal (1.2.4)
  - SwiftyTimer (2.0.0)
  - TinyConstraints (3.0.1)

DEPENDENCIES:
  - Coordinator (from `../`)
  - Kingfisher
  - Marshal
  - SwiftyTimer
  - TinyConstraints

EXTERNAL SOURCES:
  Coordinator:
    :path: ../

SPEC CHECKSUMS:
  Coordinator: 7f2d43cf80d8c668c54d530a892b23df7ff03fe7
  Kingfisher: 6793a473357b5dbee42b0068ef203fe8325f259e
  Marshal: 8e04e6624e506921db7143b0bfd83caee03f32d6
  SwiftyTimer: 2efd74b060d69ad4f1496baf5bbedbe132125fcf
  TinyConstraints: 77cb4735982941687268bb6f324badd0ae29ad46

PODFILE CHECKSUM: 57215f92be8a363b0885109e47e967c416ba13e7

COCOAPODS: 1.3.1
