// !$*UTF8*$!
{
	archiveVersion = 1;
	classes = {
	};
	objectVersion = 46;
	objects = {

/* Begin PBXBuildFile section */
		D04B76601DE5B6D2009F1B9A /* AppDelegate.swift in Sources */ = {isa = PBXBuildFile; fileRef = D04B765F1DE5B6D2009F1B9A /* AppDelegate.swift */; };
		D04B76621DE5B6D2009F1B9A /* ViewController.swift in Sources */ = {isa = PBXBuildFile; fileRef = D04B76611DE5B6D2009F1B9A /* ViewController.swift */; };
		D04B76671DE5B6D2009F1B9A /* Assets.xcassets in Resources */ = {isa = PBXBuildFile; fileRef = D04B76661DE5B6D2009F1B9A /* Assets.xcassets */; };
		D04B766A1DE5B6D2009F1B9A /* LaunchScreen.storyboard in Resources */ = {isa = PBXBuildFile; fileRef = D04B76681DE5B6D2009F1B9A /* LaunchScreen.storyboard */; };
		D04B76721DE5B6EA009F1B9A /* Coordinator.swift in Sources */ = {isa = PBXBuildFile; fileRef = D04B76711DE5B6EA009F1B9A /* Coordinator.swift */; };
/* End PBXBuildFile section */

/* Begin PBXFileReference section */
		D04B765C1DE5B6D2009F1B9A /* CoordinatorExample.app */ = {isa = PBXFileReference; explicitFileType = wrapper.application; includeInIndex = 0; path = CoordinatorExample.app; sourceTree = BUILT_PRODUCTS_DIR; };
		D04B765F1DE5B6D2009F1B9A /* AppDelegate.swift */ = {isa = PBXFileReference; lastKnownFileType = sourcecode.swift; path = AppDelegate.swift; sourceTree = "<group>"; };
		D04B76611DE5B6D2009F1B9A /* ViewController.swift */ = {isa = PBXFileReference; lastKnownFileType = sourcecode.swift; path = ViewController.swift; sourceTree = "<group>"; };
		D04B76661DE5B6D2009F1B9A /* Assets.xcassets */ = {isa = PBXFileReference; lastKnownFileType = folder.assetcatalog; path = Assets.xcassets; sourceTree = "<group>"; };
		D04B76691DE5B6D2009F1B9A /* Base */ = {isa = PBXFileReference; lastKnownFileType = file.storyboard; name = Base; path = Base.lproj/LaunchScreen.storyboard; sourceTree = "<group>"; };
		D04B766B1DE5B6D2009F1B9A /* Info.plist */ = {isa = PBXFileReference; lastKnownFileType = text.plist.xml; path = Info.plist; sourceTree = "<group>"; };
		D04B76711DE5B6EA009F1B9A /* Coordinator.swift */ = {isa = PBXFileReference; fileEncoding = 4; lastKnownFileType = sourcecode.swift; path = Coordinator.swift; sourceTree = "<group>"; };
/* End PBXFileReference section */

/* Begin PBXFrameworksBuildPhase section */
		D04B76591DE5B6D2009F1B9A /* Frameworks */ = {
			isa = PBXFrameworksBuildPhase;
			buildActionMask = 2147483647;
			files = (
			);
			runOnlyForDeploymentPostprocessing = 0;
		};
/* End PBXFrameworksBuildPhase section */

/* Begin PBXGroup section */
		D04B76531DE5B6D2009F1B9A = {
			isa = PBXGroup;
			children = (
				D04B76711DE5B6EA009F1B9A /* Coordinator.swift */,
				D04B765E1DE5B6D2009F1B9A /* CoordinatorExample */,
				D04B765D1DE5B6D2009F1B9A /* Products */,
			);
			sourceTree = "<group>";
		};
		D04B765D1DE5B6D2009F1B9A /* Products */ = {
			isa = PBXGroup;
			children = (
				D04B765C1DE5B6D2009F1B9A /* CoordinatorExample.app */,
			);
			name = Products;
			sourceTree = "<group>";
		};
		D04B765E1DE5B6D2009F1B9A /* CoordinatorExample */ = {
			isa = PBXGroup;
			children = (
				D04B765F1DE5B6D2009F1B9A /* AppDelegate.swift */,
				D04B76611DE5B6D2009F1B9A /* ViewController.swift */,
				D04B76661DE5B6D2009F1B9A /* Assets.xcassets */,
				D04B76681DE5B6D2009F1B9A /* LaunchScreen.storyboard */,
				D04B766B1DE5B6D2009F1B9A /* Info.plist */,
			);
			path = CoordinatorExample;
			sourceTree = "<group>";
		};
/* End PBXGroup section */

/* Begin PBXNativeTarget section */
		D04B765B1DE5B6D2009F1B9A /* CoordinatorExample */ = {
			isa = PBXNativeTarget;
			buildConfigurationList = D04B766E1DE5B6D2009F1B9A /* Build configuration list for PBXNativeTarget "CoordinatorExample" */;
			buildPhases = (
				D04B76581DE5B6D2009F1B9A /* Sources */,
				D04B76591DE5B6D2009F1B9A /* Frameworks */,
				D04B765A1DE5B6D2009F1B9A /* Resources */,
			);
			buildRules = (
			);
			dependencies = (
			);
			name = CoordinatorExample;
			productName = CoordinatorExample;
			productReference = D04B765C1DE5B6D2009F1B9A /* CoordinatorExample.app */;
			productType = "com.apple.product-type.application";
		};
/* End PBXNativeTarget section */

/* Begin PBXProject section */
		D04B76541DE5B6D2009F1B9A /* Project object */ = {
			isa = PBXProject;
			attributes = {
				LastSwiftUpdateCheck = 0810;
				LastUpgradeCheck = 0810;
				ORGANIZATIONNAME = "Radiant Tap";
				TargetAttributes = {
					D04B765B1DE5B6D2009F1B9A = {
						CreatedOnToolsVersion = 8.1;
						ProvisioningStyle = Automatic;
					};
				};
			};
			buildConfigurationList = D04B76571DE5B6D2009F1B9A /* Build configuration list for PBXProject "CoordinatorExample" */;
			compatibilityVersion = "Xcode 3.2";
			developmentRegion = English;
			hasScannedForEncodings = 0;
			knownRegions = (
				en,
				Base,
			);
			mainGroup = D04B76531DE5B6D2009F1B9A;
			productRefGroup = D04B765D1DE5B6D2009F1B9A /* Products */;
			projectDirPath = "";
			projectRoot = "";
			targets = (
				D04B765B1DE5B6D2009F1B9A /* CoordinatorExample */,
			);
		};
/* End PBXProject section */

/* Begin PBXResourcesBuildPhase section */
		D04B765A1DE5B6D2009F1B9A /* Resources */ = {
			isa = PBXResourcesBuildPhase;
			buildActionMask = 2147483647;
			files = (
				D04B766A1DE5B6D2009F1B9A /* LaunchScreen.storyboard in Resources */,
				D04B76671DE5B6D2009F1B9A /* Assets.xcassets in Resources */,
			);
			runOnlyForDeploymentPostprocessing = 0;
		};
/* End PBXResourcesBuildPhase section */

/* Begin PBXSourcesBuildPhase section */
		D04B76581DE5B6D2009F1B9A /* Sources */ = {
			isa = PBXSourcesBuildPhase;
			buildActionMask = 2147483647;
			files = (
				D04B76621DE5B6D2009F1B9A /* ViewController.swift in Sources */,
				D04B76601DE5B6D2009F1B9A /* AppDelegate.swift in Sources */,
				D04B76721DE5B6EA009F1B9A /* Coordinator.swift in Sources */,
			);
			runOnlyForDeploymentPostprocessing = 0;
		};
/* End PBXSourcesBuildPhase section */

/* Begin PBXVariantGroup section */
		D04B76681DE5B6D2009F1B9A /* LaunchScreen.storyboard */ = {
			isa = PBXVariantGroup;
			children = (
				D04B76691DE5B6D2009F1B9A /* Base */,
			);
			name = LaunchScreen.storyboard;
			sourceTree = "<group>";
		};
/* End PBXVariantGroup section */

/* Begin XCBuildConfiguration section */
		D04B766C1DE5B6D2009F1B9A /* Debug */ = {
			isa = XCBuildConfiguration;
			buildSettings = {
				ALWAYS_SEARCH_USER_PATHS = NO;
				CLANG_ANALYZER_NONNULL = YES;
				CLANG_CXX_LANGUAGE_STANDARD = "gnu++0x";
				CLANG_CXX_LIBRARY = "libc++";
				CLANG_ENABLE_MODULES = YES;
				CLANG_ENABLE_OBJC_ARC = YES;
				CLANG_WARN_BOOL_CONVERSION = YES;
				CLANG_WARN_CONSTANT_CONVERSION = YES;
				CLANG_WARN_DIRECT_OBJC_ISA_USAGE = YES_ERROR;
				CLANG_WARN_DOCUMENTATION_COMMENTS = YES;
				CLANG_WARN_EMPTY_BODY = YES;
				CLANG_WARN_ENUM_CONVERSION = YES;
				CLANG_WARN_INFINITE_RECURSION = YES;
				CLANG_WARN_INT_CONVERSION = YES;
				CLANG_WARN_OBJC_ROOT_CLASS = YES_ERROR;
				CLANG_WARN_SUSPICIOUS_MOVES = YES;
				CLANG_WARN_UNREACHABLE_CODE = YES;
				CLANG_WARN__DUPLICATE_METHOD_MATCH = YES;
				"CODE_SIGN_IDENTITY[sdk=iphoneos*]" = "iPhone Developer";
				COPY_PHASE_STRIP = NO;
				DEBUG_INFORMATION_FORMAT = dwarf;
				ENABLE_STRICT_OBJC_MSGSEND = YES;
				ENABLE_TESTABILITY = YES;
				GCC_C_LANGUAGE_STANDARD = gnu99;
				GCC_DYNAMIC_NO_PIC = NO;
				GCC_NO_COMMON_BLOCKS = YES;
				GCC_OPTIMIZATION_LEVEL = 0;
				GCC_PREPROCESSOR_DEFINITIONS = (
					"DEBUG=1",
					"$(inherited)",
				);
				GCC_WARN_64_TO_32_BIT_CONVERSION = YES;
				GCC_WARN_ABOUT_RETURN_TYPE = YES_ERROR;
				GCC_WARN_UNDECLARED_SELECTOR = YES;
				GCC_WARN_UNINITIALIZED_AUTOS = YES_AGGRESSIVE;
				GCC_WARN_UNUSED_FUNCTION = YES;
				GCC_WARN_UNUSED_VARIABLE = YES;
				IPHONEOS_DEPLOYMENT_TARGET = 10.1;
				MTL_ENABLE_DEBUG_INFO = YES;
				ONLY_ACTIVE_ARCH = YES;
				SDKROOT = iphoneos;
				SWIFT_ACTIVE_COMPILATION_CONDITIONS = DEBUG;
				SWIFT_OPTIMIZATION_LEVEL = "-Onone";
				TARGETED_DEVICE_FAMILY = "1,2";
			};
			name = Debug;
		};
		D04B766D1DE5B6D2009F1B9A /* Release */ = {
			isa = XCBuildConfiguration;
			buildSettings = {
				ALWAYS_SEARCH_USER_PATHS = NO;
				CLANG_ANALYZER_NONNULL = YES;
				CLANG_CXX_LANGUAGE_STANDARD = "gnu++0x";
				CLANG_CXX_LIBRARY = "libc++";
				CLANG_ENABLE_MODULES = YES;
				CLANG_ENABLE_OBJC_ARC = YES;
				CLANG_WARN_BOOL_CONVERSION = YES;
				CLANG_WARN_CONSTANT_CONVERSION = YES;
				CLANG_WARN_DIRECT_OBJC_ISA_USAGE = YES_ERROR;
				CLANG_WARN_DOCUMENTATION_COMMENTS = YES;
				CLANG_WARN_EMPTY_BODY = YES;
				CLANG_WARN_ENUM_CONVERSION = YES;
				CLANG_WARN_INFINITE_RECURSION = YES;
				CLANG_WARN_INT_CONVERSION = YES;
				CLANG_WARN_OBJC_ROOT_CLASS = YES_ERROR;
				CLANG_WARN_SUSPICIOUS_MOVES = YES;
				CLANG_WARN_UNREACHABLE_CODE = YES;
				CLANG_WARN__DUPLICATE_METHOD_MATCH = YES;
				"CODE_SIGN_IDENTITY[sdk=iphoneos*]" = "iPhone Developer";
				COPY_PHASE_STRIP = NO;
				DEBUG_INFORMATION_FORMAT = "dwarf-with-dsym";
				ENABLE_NS_ASSERTIONS = NO;
				ENABLE_STRICT_OBJC_MSGSEND = YES;
				GCC_C_LANGUAGE_STANDARD = gnu99;
				GCC_NO_COMMON_BLOCKS = YES;
				GCC_WARN_64_TO_32_BIT_CONVERSION = YES;
				GCC_WARN_ABOUT_RETURN_TYPE = YES_ERROR;
				GCC_WARN_UNDECLARED_SELECTOR = YES;
				GCC_WARN_UNINITIALIZED_AUTOS = YES_AGGRESSIVE;
				GCC_WARN_UNUSED_FUNCTION = YES;
				GCC_WARN_UNUSED_VARIABLE = YES;
				IPHONEOS_DEPLOYMENT_TARGET = 10.1;
				MTL_ENABLE_DEBUG_INFO = NO;
				SDKROOT = iphoneos;
				SWIFT_OPTIMIZATION_LEVEL = "-Owholemodule";
				TARGETED_DEVICE_FAMILY = "1,2";
				VALIDATE_PRODUCT = YES;
			};
			name = Release;
		};
		D04B766F1DE5B6D2009F1B9A /* Debug */ = {
			isa = XCBuildConfiguration;
			buildSettings = {
				ASSETCATALOG_COMPILER_APPICON_NAME = AppIcon;
				INFOPLIST_FILE = CoordinatorExample/Info.plist;
				LD_RUNPATH_SEARCH_PATHS = "$(inherited) @executable_path/Frameworks";
				PRODUCT_BUNDLE_IDENTIFIER = com.radianttap.CoordinatorExample;
				PRODUCT_NAME = "$(TARGET_NAME)";
				SWIFT_VERSION = 3.0;
			};
			name = Debug;
		};
		D04B76701DE5B6D2009F1B9A /* Release */ = {
			isa = XCBuildConfiguration;
			buildSettings = {
				ASSETCATALOG_COMPILER_APPICON_NAME = AppIcon;
				INFOPLIST_FILE = CoordinatorExample/Info.plist;
				LD_RUNPATH_SEARCH_PATHS = "$(inherited) @executable_path/Frameworks";
				PRODUCT_BUNDLE_IDENTIFIER = com.radianttap.CoordinatorExample;
				PRODUCT_NAME = "$(TARGET_NAME)";
				SWIFT_VERSION = 3.0;
			};
			name = Release;
		};
/* End XCBuildConfiguration section */

/* Begin XCConfigurationList section */
		D04B76571DE5B6D2009F1B9A /* Build configuration list for PBXProject "CoordinatorExample" */ = {
			isa = XCConfigurationList;
			buildConfigurations = (
				D04B766C1DE5B6D2009F1B9A /* Debug */,
				D04B766D1DE5B6D2009F1B9A /* Release */,
			);
			defaultConfigurationIsVisible = 0;
			defaultConfigurationName = Release;
		};
		D04B766E1DE5B6D2009F1B9A /* Build configuration list for PBXNativeTarget "CoordinatorExample" */ = {
			isa = XCConfigurationList;
			buildConfigurations = (
				D04B766F1DE5B6D2009F1B9A /* Debug */,
				D04B76701DE5B6D2009F1B9A /* Release */,
			);
			defaultConfigurationIsVisible = 0;
		};
/* End XCConfigurationList section */
	};
	rootObject = D04B76541DE5B6D2009F1B9A /* Project object */;
}
