// !$*UTF8*$!
{
	archiveVersion = 1;
	classes = {
	};
	objectVersion = 46;
	objects = {

/* Begin PBXBuildFile section */
		5844AA38478FFECFE509CA4E /* Pods_CoordinatorExample.framework in Frameworks */ = {isa = PBXBuildFile; fileRef = D14A32D34BA5EEF29B3D05FE /* Pods_CoordinatorExample.framework */; };
		D010CB5B1EC2FE230008A087 /* AppDependency.swift in Sources */ = {isa = PBXBuildFile; fileRef = D010CB5A1EC2FE230008A087 /* AppDependency.swift */; };
		D010CB5D1EC316AF0008A087 /* Manager.swift in Sources */ = {isa = PBXBuildFile; fileRef = D010CB5C1EC316AF0008A087 /* Manager.swift */; };
		D04B76601DE5B6D2009F1B9A /* AppDelegate.swift in Sources */ = {isa = PBXBuildFile; fileRef = D04B765F1DE5B6D2009F1B9A /* AppDelegate.swift */; };
		D04B76621DE5B6D2009F1B9A /* ViewController.swift in Sources */ = {isa = PBXBuildFile; fileRef = D04B76611DE5B6D2009F1B9A /* ViewController.swift */; };
		D04B76671DE5B6D2009F1B9A /* Assets.xcassets in Resources */ = {isa = PBXBuildFile; fileRef = D04B76661DE5B6D2009F1B9A /* Assets.xcassets */; };
		D04B766A1DE5B6D2009F1B9A /* LaunchScreen.storyboard in Resources */ = {isa = PBXBuildFile; fileRef = D04B76681DE5B6D2009F1B9A /* LaunchScreen.storyboard */; };
		D0F32E0E1E6B06DB0087C700 /* ApplicationCoordinator.swift in Sources */ = {isa = PBXBuildFile; fileRef = D0F32E0D1E6B06DB0087C700 /* ApplicationCoordinator.swift */; };
		D0F32E101E6B61C20087C700 /* Messages.swift in Sources */ = {isa = PBXBuildFile; fileRef = D0F32E0F1E6B61C20087C700 /* Messages.swift */; };
		D0F32E121E6B62B40087C700 /* DataModel.swift in Sources */ = {isa = PBXBuildFile; fileRef = D0F32E111E6B62B40087C700 /* DataModel.swift */; };
		D0F32E141E6B674C0087C700 /* Helpers.swift in Sources */ = {isa = PBXBuildFile; fileRef = D0F32E131E6B674C0087C700 /* Helpers.swift */; };
		D0F32E171E6B67A60087C700 /* EmbeddedController.swift in Sources */ = {isa = PBXBuildFile; fileRef = D0F32E151E6B67A60087C700 /* EmbeddedController.swift */; };
		D0F32E181E6B67A60087C700 /* EmbeddedController.xib in Resources */ = {isa = PBXBuildFile; fileRef = D0F32E161E6B67A60087C700 /* EmbeddedController.xib */; };
		D0F32E1A1E6B6DF20087C700 /* ViewController.xib in Resources */ = {isa = PBXBuildFile; fileRef = D0F32E191E6B6DF20087C700 /* ViewController.xib */; };
/* End PBXBuildFile section */

/* Begin PBXFileReference section */
		4AA320E87E13AC9A9EDB7E0C /* Pods-CoordinatorExample.release.xcconfig */ = {isa = PBXFileReference; includeInIndex = 1; lastKnownFileType = text.xcconfig; name = "Pods-CoordinatorExample.release.xcconfig"; path = "Pods/Target Support Files/Pods-CoordinatorExample/Pods-CoordinatorExample.release.xcconfig"; sourceTree = "<group>"; };
		682B196ABF2D7650612256D2 /* Pods-CoordinatorExample.debug.xcconfig */ = {isa = PBXFileReference; includeInIndex = 1; lastKnownFileType = text.xcconfig; name = "Pods-CoordinatorExample.debug.xcconfig"; path = "Pods/Target Support Files/Pods-CoordinatorExample/Pods-CoordinatorExample.debug.xcconfig"; sourceTree = "<group>"; };
		D010CB5A1EC2FE230008A087 /* AppDependency.swift */ = {isa = PBXFileReference; fileEncoding = 4; lastKnownFileType = sourcecode.swift; path = AppDependency.swift; sourceTree = "<group>"; };
		D010CB5C1EC316AF0008A087 /* Manager.swift */ = {isa = PBXFileReference; fileEncoding = 4; lastKnownFileType = sourcecode.swift; path = Manager.swift; sourceTree = "<group>"; };
		D04B765C1DE5B6D2009F1B9A /* CoordinatorExample.app */ = {isa = PBXFileReference; explicitFileType = wrapper.application; includeInIndex = 0; path = CoordinatorExample.app; sourceTree = BUILT_PRODUCTS_DIR; };
		D04B765F1DE5B6D2009F1B9A /* AppDelegate.swift */ = {isa = PBXFileReference; lastKnownFileType = sourcecode.swift; path = AppDelegate.swift; sourceTree = "<group>"; };
		D04B76611DE5B6D2009F1B9A /* ViewController.swift */ = {isa = PBXFileReference; lastKnownFileType = sourcecode.swift; path = ViewController.swift; sourceTree = "<group>"; };
		D04B76661DE5B6D2009F1B9A /* Assets.xcassets */ = {isa = PBXFileReference; lastKnownFileType = folder.assetcatalog; path = Assets.xcassets; sourceTree = "<group>"; };
		D04B76691DE5B6D2009F1B9A /* Base */ = {isa = PBXFileReference; lastKnownFileType = file.storyboard; name = Base; path = Base.lproj/LaunchScreen.storyboard; sourceTree = "<group>"; };
		D04B766B1DE5B6D2009F1B9A /* Info.plist */ = {isa = PBXFileReference; lastKnownFileType = text.plist.xml; path = Info.plist; sourceTree = "<group>"; };
		D0F32E0D1E6B06DB0087C700 /* ApplicationCoordinator.swift */ = {isa = PBXFileReference; fileEncoding = 4; lastKnownFileType = sourcecode.swift; path = ApplicationCoordinator.swift; sourceTree = "<group>"; };
		D0F32E0F1E6B61C20087C700 /* Messages.swift */ = {isa = PBXFileReference; fileEncoding = 4; lastKnownFileType = sourcecode.swift; path = Messages.swift; sourceTree = "<group>"; };
		D0F32E111E6B62B40087C700 /* DataModel.swift */ = {isa = PBXFileReference; fileEncoding = 4; lastKnownFileType = sourcecode.swift; path = DataModel.swift; sourceTree = "<group>"; };
		D0F32E131E6B674C0087C700 /* Helpers.swift */ = {isa = PBXFileReference; fileEncoding = 4; lastKnownFileType = sourcecode.swift; path = Helpers.swift; sourceTree = "<group>"; };
		D0F32E151E6B67A60087C700 /* EmbeddedController.swift */ = {isa = PBXFileReference; fileEncoding = 4; lastKnownFileType = sourcecode.swift; path = EmbeddedController.swift; sourceTree = "<group>"; };
		D0F32E161E6B67A60087C700 /* EmbeddedController.xib */ = {isa = PBXFileReference; fileEncoding = 4; lastKnownFileType = file.xib; path = EmbeddedController.xib; sourceTree = "<group>"; };
		D0F32E191E6B6DF20087C700 /* ViewController.xib */ = {isa = PBXFileReference; fileEncoding = 4; lastKnownFileType = file.xib; path = ViewController.xib; sourceTree = "<group>"; };
		D14A32D34BA5EEF29B3D05FE /* Pods_CoordinatorExample.framework */ = {isa = PBXFileReference; explicitFileType = wrapper.framework; includeInIndex = 0; path = Pods_CoordinatorExample.framework; sourceTree = BUILT_PRODUCTS_DIR; };
/* End PBXFileReference section */

/* Begin PBXFrameworksBuildPhase section */
		D04B76591DE5B6D2009F1B9A /* Frameworks */ = {
			isa = PBXFrameworksBuildPhase;
			buildActionMask = 2147483647;
			files = (
				5844AA38478FFECFE509CA4E /* Pods_CoordinatorExample.framework in Frameworks */,
			);
			runOnlyForDeploymentPostprocessing = 0;
		};
/* End PBXFrameworksBuildPhase section */

/* Begin PBXGroup section */
		771A0BD9B13E86050EF52F25 /* Frameworks */ = {
			isa = PBXGroup;
			children = (
				D14A32D34BA5EEF29B3D05FE /* Pods_CoordinatorExample.framework */,
			);
			name = Frameworks;
			sourceTree = "<group>";
		};
		D04B76531DE5B6D2009F1B9A = {
			isa = PBXGroup;
			children = (
				D04B765E1DE5B6D2009F1B9A /* CoordinatorExample */,
				D04B765D1DE5B6D2009F1B9A /* Products */,
				EA799296365A87C4A6350688 /* Pods */,
				771A0BD9B13E86050EF52F25 /* Frameworks */,
			);
			sourceTree = "<group>";
		};
		D04B765D1DE5B6D2009F1B9A /* Products */ = {
			isa = PBXGroup;
			children = (
				D04B765C1DE5B6D2009F1B9A /* CoordinatorExample.app */,
			);
			name = Products;
			sourceTree = "<group>";
		};
		D04B765E1DE5B6D2009F1B9A /* CoordinatorExample */ = {
			isa = PBXGroup;
			children = (
				D04B765F1DE5B6D2009F1B9A /* AppDelegate.swift */,
				D0F32E0D1E6B06DB0087C700 /* ApplicationCoordinator.swift */,
				D0F32E0F1E6B61C20087C700 /* Messages.swift */,
				D0F32E111E6B62B40087C700 /* DataModel.swift */,
				D0F32E2A1E6B73680087C700 /* UI */,
				D0F32E131E6B674C0087C700 /* Helpers.swift */,
				D010CB5A1EC2FE230008A087 /* AppDependency.swift */,
				D010CB5C1EC316AF0008A087 /* Manager.swift */,
				D04B76661DE5B6D2009F1B9A /* Assets.xcassets */,
				D04B76681DE5B6D2009F1B9A /* LaunchScreen.storyboard */,
				D04B766B1DE5B6D2009F1B9A /* Info.plist */,
			);
			path = CoordinatorExample;
			sourceTree = "<group>";
		};
		D0F32E2A1E6B73680087C700 /* UI */ = {
			isa = PBXGroup;
			children = (
				D04B76611DE5B6D2009F1B9A /* ViewController.swift */,
				D0F32E191E6B6DF20087C700 /* ViewController.xib */,
				D0F32E151E6B67A60087C700 /* EmbeddedController.swift */,
				D0F32E161E6B67A60087C700 /* EmbeddedController.xib */,
			);
			name = UI;
			sourceTree = "<group>";
		};
		EA799296365A87C4A6350688 /* Pods */ = {
			isa = PBXGroup;
			children = (
				682B196ABF2D7650612256D2 /* Pods-CoordinatorExample.debug.xcconfig */,
				4AA320E87E13AC9A9EDB7E0C /* Pods-CoordinatorExample.release.xcconfig */,
			);
			name = Pods;
			sourceTree = "<group>";
		};
/* End PBXGroup section */

/* Begin PBXNativeTarget section */
		D04B765B1DE5B6D2009F1B9A /* CoordinatorExample */ = {
			isa = PBXNativeTarget;
			buildConfigurationList = D04B766E1DE5B6D2009F1B9A /* Build configuration list for PBXNativeTarget "CoordinatorExample" */;
			buildPhases = (
				CE14083D9401A99E1F3ACC50 /* [CP] Check Pods Manifest.lock */,
				D04B76581DE5B6D2009F1B9A /* Sources */,
				D04B76591DE5B6D2009F1B9A /* Frameworks */,
				D04B765A1DE5B6D2009F1B9A /* Resources */,
				E7C47DF0F4B95AB412BD78A6 /* [CP] Embed Pods Frameworks */,
				C5D36C1A58BBBFF24FDA2009 /* [CP] Copy Pods Resources */,
			);
			buildRules = (
			);
			dependencies = (
			);
			name = CoordinatorExample;
			productName = CoordinatorExample;
			productReference = D04B765C1DE5B6D2009F1B9A /* CoordinatorExample.app */;
			productType = "com.apple.product-type.application";
		};
/* End PBXNativeTarget section */

/* Begin PBXProject section */
		D04B76541DE5B6D2009F1B9A /* Project object */ = {
			isa = PBXProject;
			attributes = {
				LastSwiftUpdateCheck = 0810;
				LastUpgradeCheck = 0810;
				ORGANIZATIONNAME = "Radiant Tap";
				TargetAttributes = {
					D04B765B1DE5B6D2009F1B9A = {
						CreatedOnToolsVersion = 8.1;
						ProvisioningStyle = Automatic;
					};
				};
			};
			buildConfigurationList = D04B76571DE5B6D2009F1B9A /* Build configuration list for PBXProject "CoordinatorExample" */;
			compatibilityVersion = "Xcode 3.2";
			developmentRegion = English;
			hasScannedForEncodings = 0;
			knownRegions = (
				en,
				Base,
			);
			mainGroup = D04B76531DE5B6D2009F1B9A;
			productRefGroup = D04B765D1DE5B6D2009F1B9A /* Products */;
			projectDirPath = "";
			projectRoot = "";
			targets = (
				D04B765B1DE5B6D2009F1B9A /* CoordinatorExample */,
			);
		};
/* End PBXProject section */

/* Begin PBXResourcesBuildPhase section */
		D04B765A1DE5B6D2009F1B9A /* Resources */ = {
			isa = PBXResourcesBuildPhase;
			buildActionMask = 2147483647;
			files = (
				D04B766A1DE5B6D2009F1B9A /* LaunchScreen.storyboard in Resources */,
				D04B76671DE5B6D2009F1B9A /* Assets.xcassets in Resources */,
				D0F32E1A1E6B6DF20087C700 /* ViewController.xib in Resources */,
				D0F32E181E6B67A60087C700 /* EmbeddedController.xib in Resources */,
			);
			runOnlyForDeploymentPostprocessing = 0;
		};
/* End PBXResourcesBuildPhase section */

/* Begin PBXShellScriptBuildPhase section */
		C5D36C1A58BBBFF24FDA2009 /* [CP] Copy Pods Resources */ = {
			isa = PBXShellScriptBuildPhase;
			buildActionMask = 2147483647;
			files = (
			);
			inputPaths = (
			);
			name = "[CP] Copy Pods Resources";
			outputPaths = (
			);
			runOnlyForDeploymentPostprocessing = 0;
			shellPath = /bin/sh;
			shellScript = "\"${SRCROOT}/Pods/Target Support Files/Pods-CoordinatorExample/Pods-CoordinatorExample-resources.sh\"\n";
			showEnvVarsInLog = 0;
		};
		CE14083D9401A99E1F3ACC50 /* [CP] Check Pods Manifest.lock */ = {
			isa = PBXShellScriptBuildPhase;
			buildActionMask = 2147483647;
			files = (
			);
			inputPaths = (
			);
			name = "[CP] Check Pods Manifest.lock";
			outputPaths = (
			);
			runOnlyForDeploymentPostprocessing = 0;
			shellPath = /bin/sh;
			shellScript = "diff \"${PODS_PODFILE_DIR_PATH}/Podfile.lock\" \"${PODS_ROOT}/Manifest.lock\" > /dev/null\nif [ $? != 0 ] ; then\n    # print error to STDERR\n    echo \"error: The sandbox is not in sync with the Podfile.lock. Run 'pod install' or update your CocoaPods installation.\" >&2\n    exit 1\nfi\n";
			showEnvVarsInLog = 0;
		};
		E7C47DF0F4B95AB412BD78A6 /* [CP] Embed Pods Frameworks */ = {
			isa = PBXShellScriptBuildPhase;
			buildActionMask = 2147483647;
			files = (
			);
			inputPaths = (
			);
			name = "[CP] Embed Pods Frameworks";
			outputPaths = (
			);
			runOnlyForDeploymentPostprocessing = 0;
			shellPath = /bin/sh;
			shellScript = "\"${SRCROOT}/Pods/Target Support Files/Pods-CoordinatorExample/Pods-CoordinatorExample-frameworks.sh\"\n";
			showEnvVarsInLog = 0;
		};
/* End PBXShellScriptBuildPhase section */

/* Begin PBXSourcesBuildPhase section */
		D04B76581DE5B6D2009F1B9A /* Sources */ = {
			isa = PBXSourcesBuildPhase;
			buildActionMask = 2147483647;
			files = (
				D0F32E121E6B62B40087C700 /* DataModel.swift in Sources */,
				D0F32E171E6B67A60087C700 /* EmbeddedController.swift in Sources */,
				D0F32E141E6B674C0087C700 /* Helpers.swift in Sources */,
				D04B76621DE5B6D2009F1B9A /* ViewController.swift in Sources */,
				D0F32E101E6B61C20087C700 /* Messages.swift in Sources */,
				D04B76601DE5B6D2009F1B9A /* AppDelegate.swift in Sources */,
				D010CB5B1EC2FE230008A087 /* AppDependency.swift in Sources */,
				D010CB5D1EC316AF0008A087 /* Manager.swift in Sources */,
				D0F32E0E1E6B06DB0087C700 /* ApplicationCoordinator.swift in Sources */,
			);
			runOnlyForDeploymentPostprocessing = 0;
		};
/* End PBXSourcesBuildPhase section */

/* Begin PBXVariantGroup section */
		D04B76681DE5B6D2009F1B9A /* LaunchScreen.storyboard */ = {
			isa = PBXVariantGroup;
			children = (
				D04B76691DE5B6D2009F1B9A /* Base */,
			);
			name = LaunchScreen.storyboard;
			sourceTree = "<group>";
		};
/* End PBXVariantGroup section */

/* Begin XCBuildConfiguration section */
		D04B766C1DE5B6D2009F1B9A /* Debug */ = {
			isa = XCBuildConfiguration;
			buildSettings = {
				ALWAYS_SEARCH_USER_PATHS = NO;
				CLANG_ANALYZER_NONNULL = YES;
				CLANG_CXX_LANGUAGE_STANDARD = "gnu++0x";
				CLANG_CXX_LIBRARY = "libc++";
				CLANG_ENABLE_MODULES = YES;
				CLANG_ENABLE_OBJC_ARC = YES;
				CLANG_WARN_BOOL_CONVERSION = YES;
				CLANG_WARN_CONSTANT_CONVERSION = YES;
				CLANG_WARN_DIRECT_OBJC_ISA_USAGE = YES_ERROR;
				CLANG_WARN_DOCUMENTATION_COMMENTS = YES;
				CLANG_WARN_EMPTY_BODY = YES;
				CLANG_WARN_ENUM_CONVERSION = YES;
				CLANG_WARN_INFINITE_RECURSION = YES;
				CLANG_WARN_INT_CONVERSION = YES;
				CLANG_WARN_OBJC_ROOT_CLASS = YES_ERROR;
				CLANG_WARN_SUSPICIOUS_MOVES = YES;
				CLANG_WARN_UNREACHABLE_CODE = YES;
				CLANG_WARN__DUPLICATE_METHOD_MATCH = YES;
				"CODE_SIGN_IDENTITY[sdk=iphoneos*]" = "iPhone Developer";
				COPY_PHASE_STRIP = NO;
				DEBUG_INFORMATION_FORMAT = dwarf;
				ENABLE_STRICT_OBJC_MSGSEND = YES;
				ENABLE_TESTABILITY = YES;
				GCC_C_LANGUAGE_STANDARD = gnu99;
				GCC_DYNAMIC_NO_PIC = NO;
				GCC_NO_COMMON_BLOCKS = YES;
				GCC_OPTIMIZATION_LEVEL = 0;
				GCC_PREPROCESSOR_DEFINITIONS = (
					"DEBUG=1",
					"$(inherited)",
				);
				GCC_WARN_64_TO_32_BIT_CONVERSION = YES;
				GCC_WARN_ABOUT_RETURN_TYPE = YES_ERROR;
				GCC_WARN_UNDECLARED_SELECTOR = YES;
				GCC_WARN_UNINITIALIZED_AUTOS = YES_AGGRESSIVE;
				GCC_WARN_UNUSED_FUNCTION = YES;
				GCC_WARN_UNUSED_VARIABLE = YES;
				IPHONEOS_DEPLOYMENT_TARGET = 10.1;
				MTL_ENABLE_DEBUG_INFO = YES;
				ONLY_ACTIVE_ARCH = YES;
				SDKROOT = iphoneos;
				SWIFT_ACTIVE_COMPILATION_CONDITIONS = DEBUG;
				SWIFT_OPTIMIZATION_LEVEL = "-Onone";
				TARGETED_DEVICE_FAMILY = "1,2";
			};
			name = Debug;
		};
		D04B766D1DE5B6D2009F1B9A /* Release */ = {
			isa = XCBuildConfiguration;
			buildSettings = {
				ALWAYS_SEARCH_USER_PATHS = NO;
				CLANG_ANALYZER_NONNULL = YES;
				CLANG_CXX_LANGUAGE_STANDARD = "gnu++0x";
				CLANG_CXX_LIBRARY = "libc++";
				CLANG_ENABLE_MODULES = YES;
				CLANG_ENABLE_OBJC_ARC = YES;
				CLANG_WARN_BOOL_CONVERSION = YES;
				CLANG_WARN_CONSTANT_CONVERSION = YES;
				CLANG_WARN_DIRECT_OBJC_ISA_USAGE = YES_ERROR;
				CLANG_WARN_DOCUMENTATION_COMMENTS = YES;
				CLANG_WARN_EMPTY_BODY = YES;
				CLANG_WARN_ENUM_CONVERSION = YES;
				CLANG_WARN_INFINITE_RECURSION = YES;
				CLANG_WARN_INT_CONVERSION = YES;
				CLANG_WARN_OBJC_ROOT_CLASS = YES_ERROR;
				CLANG_WARN_SUSPICIOUS_MOVES = YES;
				CLANG_WARN_UNREACHABLE_CODE = YES;
				CLANG_WARN__DUPLICATE_METHOD_MATCH = YES;
				"CODE_SIGN_IDENTITY[sdk=iphoneos*]" = "iPhone Developer";
				COPY_PHASE_STRIP = NO;
				DEBUG_INFORMATION_FORMAT = "dwarf-with-dsym";
				ENABLE_NS_ASSERTIONS = NO;
				ENABLE_STRICT_OBJC_MSGSEND = YES;
				GCC_C_LANGUAGE_STANDARD = gnu99;
				GCC_NO_COMMON_BLOCKS = YES;
				GCC_WARN_64_TO_32_BIT_CONVERSION = YES;
				GCC_WARN_ABOUT_RETURN_TYPE = YES_ERROR;
				GCC_WARN_UNDECLARED_SELECTOR = YES;
				GCC_WARN_UNINITIALIZED_AUTOS = YES_AGGRESSIVE;
				GCC_WARN_UNUSED_FUNCTION = YES;
				GCC_WARN_UNUSED_VARIABLE = YES;
				IPHONEOS_DEPLOYMENT_TARGET = 10.1;
				MTL_ENABLE_DEBUG_INFO = NO;
				SDKROOT = iphoneos;
				SWIFT_OPTIMIZATION_LEVEL = "-Owholemodule";
				TARGETED_DEVICE_FAMILY = "1,2";
				VALIDATE_PRODUCT = YES;
			};
			name = Release;
		};
		D04B766F1DE5B6D2009F1B9A /* Debug */ = {
			isa = XCBuildConfiguration;
			baseConfigurationReference = 682B196ABF2D7650612256D2 /* Pods-CoordinatorExample.debug.xcconfig */;
			buildSettings = {
				ASSETCATALOG_COMPILER_APPICON_NAME = AppIcon;
				INFOPLIST_FILE = CoordinatorExample/Info.plist;
				LD_RUNPATH_SEARCH_PATHS = "$(inherited) @executable_path/Frameworks";
				PRODUCT_BUNDLE_IDENTIFIER = com.radianttap.CoordinatorExample;
				PRODUCT_NAME = "$(TARGET_NAME)";
				SWIFT_VERSION = 3.0;
			};
			name = Debug;
		};
		D04B76701DE5B6D2009F1B9A /* Release */ = {
			isa = XCBuildConfiguration;
			baseConfigurationReference = 4AA320E87E13AC9A9EDB7E0C /* Pods-CoordinatorExample.release.xcconfig */;
			buildSettings = {
				ASSETCATALOG_COMPILER_APPICON_NAME = AppIcon;
				INFOPLIST_FILE = CoordinatorExample/Info.plist;
				LD_RUNPATH_SEARCH_PATHS = "$(inherited) @executable_path/Frameworks";
				PRODUCT_BUNDLE_IDENTIFIER = com.radianttap.CoordinatorExample;
				PRODUCT_NAME = "$(TARGET_NAME)";
				SWIFT_VERSION = 3.0;
			};
			name = Release;
		};
/* End XCBuildConfiguration section */

/* Begin XCConfigurationList section */
		D04B76571DE5B6D2009F1B9A /* Build configuration list for PBXProject "CoordinatorExample" */ = {
			isa = XCConfigurationList;
			buildConfigurations = (
				D04B766C1DE5B6D2009F1B9A /* Debug */,
				D04B766D1DE5B6D2009F1B9A /* Release */,
			);
			defaultConfigurationIsVisible = 0;
			defaultConfigurationName = Release;
		};
		D04B766E1DE5B6D2009F1B9A /* Build configuration list for PBXNativeTarget "CoordinatorExample" */ = {
			isa = XCConfigurationList;
			buildConfigurations = (
				D04B766F1DE5B6D2009F1B9A /* Debug */,
				D04B76701DE5B6D2009F1B9A /* Release */,
			);
			defaultConfigurationIsVisible = 0;
			defaultConfigurationName = Release;
		};
/* End XCConfigurationList section */
	};
	rootObject = D04B76541DE5B6D2009F1B9A /* Project object */;
}
